
Microsoft Visual Studio Solution File, Format Version 12.00
# Visual Studio Version 16
VisualStudioVersion = 16.0.31321.278
MinimumVisualStudioVersion = 10.0.40219.1
Project("{FAE04EC0-301F-11D3-BF4B-00C04F79EFBC}") = "SMS", "SMS\SMS.csproj", "{6E96A94C-A54D-4E81-AB34-C8265D3EC5D4}"
EndProject
Global
	GlobalSection(SolutionConfigurationPlatforms) = preSolution
		Debug|Any CPU = Debug|Any CPU
		Release|Any CPU = Release|Any CPU
	EndGlobalSection
	GlobalSection(ProjectConfigurationPlatforms) = postSolution
		{6E96A94C-A54D-4E81-AB34-C8265D3EC5D4}.Debug|Any CPU.ActiveCfg = Debug|Any CPU
		{6E96A94C-A54D-4E81-AB34-C8265D3EC5D4}.Debug|Any CPU.Build.0 = Debug|Any CPU
		{6E96A94C-A54D-4E81-AB34-C8265D3EC5D4}.Release|Any CPU.ActiveCfg = Release|Any CPU
		{6E96A94C-A54D-4E81-AB34-C8265D3EC5D4}.Release|Any CPU.Build.0 = Release|Any CPU
	EndGlobalSection
	GlobalSection(SolutionProperties) = preSolution
		HideSolutionNode = FALSE
	EndGlobalSection
	GlobalSection(ExtensibilityGlobals) = postSolution
		SolutionGuid = {967515DC-E75C-4C6C-AE5E-1CE2171C1914}
	EndGlobalSection
EndGlobal
