
Microsoft Visual Studio Solution File, Format Version 12.00
# Visual Studio Version 16
VisualStudioVersion = 16.0.31321.278
MinimumVisualStudioVersion = 10.0.40219.1
Project("{FAE04EC0-301F-11D3-BF4B-00C04F79EFBC}") = "MovieReviews", "MovieReviews\MovieReviews.csproj", "{687D9874-F5BB-4037-8BF5-A1E2C8D7944E}"
EndProject
Global
	GlobalSection(SolutionConfigurationPlatforms) = preSolution
		Debug|Any CPU = Debug|Any CPU
		Release|Any CPU = Release|Any CPU
	EndGlobalSection
	GlobalSection(ProjectConfigurationPlatforms) = postSolution
		{687D9874-F5BB-4037-8BF5-A1E2C8D7944E}.Debug|Any CPU.ActiveCfg = Debug|Any CPU
		{687D9874-F5BB-4037-8BF5-A1E2C8D7944E}.Debug|Any CPU.Build.0 = Debug|Any CPU
		{687D9874-F5BB-4037-8BF5-A1E2C8D7944E}.Release|Any CPU.ActiveCfg = Release|Any CPU
		{687D9874-F5BB-4037-8BF5-A1E2C8D7944E}.Release|Any CPU.Build.0 = Release|Any CPU
	EndGlobalSection
	GlobalSection(SolutionProperties) = preSolution
		HideSolutionNode = FALSE
	EndGlobalSection
	GlobalSection(ExtensibilityGlobals) = postSolution
		SolutionGuid = {136FAE07-ACD2-4450-AEC6-4BF9F55698F1}
	EndGlobalSection
EndGlobal
