
Microsoft Visual Studio Solution File, Format Version 12.00
# Visual Studio Version 16
VisualStudioVersion = 16.0.30114.105
MinimumVisualStudioVersion = 10.0.40219.1
Project("{2150E333-8FDC-42A3-9474-1A3956D46DE8}") = "src", "src", "{93E661B9-45C2-40FC-832B-992D79D69D5F}"
EndProject
Project("{2150E333-8FDC-42A3-9474-1A3956D46DE8}") = "Gateway", "Gateway", "{E89661AC-590F-4946-8849-11C885A79C88}"
EndProject
Project("{9A19103F-16F7-4668-BE54-9A1E7A4F7556}") = "GraphQL.API", "src\Gateway\GrapQL.API\GraphQL.API.csproj", "{B4884907-DD49-470A-8115-B5B36D7A8D0F}"
EndProject
Project("{2150E333-8FDC-42A3-9474-1A3956D46DE8}") = "Services", "Services", "{B5BC8C5F-81DE-4AFF-BC28-4D0284D66913}"
EndProject
Project("{2150E333-8FDC-42A3-9474-1A3956D46DE8}") = "Catalog", "Catalog", "{C26574D1-B39B-4701-8908-26D5CB2ACF58}"
EndProject
Project("{9A19103F-16F7-4668-BE54-9A1E7A4F7556}") = "Catalog.API", "src\Services\Catalog\Catalog.API\Catalog.API.csproj", "{7A58BA96-C8F5-4F32-93FF-7F990A3BB2CE}"
EndProject
Project("{2150E333-8FDC-42A3-9474-1A3956D46DE8}") = "Basket", "Basket", "{3FB37CB5-4B63-464F-9193-D8193E53E2B2}"
EndProject
Project("{9A19103F-16F7-4668-BE54-9A1E7A4F7556}") = "Basket.API", "src\Services\Basket\Basket.API\Basket.API.csproj", "{AFC23C1E-0018-4A68-93CA-247C510D7D05}"
EndProject
Project("{2150E333-8FDC-42A3-9474-1A3956D46DE8}") = "Payment", "Payment", "{3990FE2A-C6E6-4390-8418-A4F80B5B16AF}"
EndProject
Project("{9A19103F-16F7-4668-BE54-9A1E7A4F7556}") = "Payment.API", "src\Services\Payment\Payment.API\Payment.API.csproj", "{17C136EA-37C6-4132-8F73-F18BEF429AFB}"
EndProject
Global
	GlobalSection(SolutionConfigurationPlatforms) = preSolution
		Debug|Any CPU = Debug|Any CPU
		Debug|x64 = Debug|x64
		Debug|x86 = Debug|x86
		Release|Any CPU = Release|Any CPU
		Release|x64 = Release|x64
		Release|x86 = Release|x86
	EndGlobalSection
	GlobalSection(ProjectConfigurationPlatforms) = postSolution
		{B4884907-DD49-470A-8115-B5B36D7A8D0F}.Debug|Any CPU.ActiveCfg = Debug|Any CPU
		{B4884907-DD49-470A-8115-B5B36D7A8D0F}.Debug|Any CPU.Build.0 = Debug|Any CPU
		{B4884907-DD49-470A-8115-B5B36D7A8D0F}.Debug|x64.ActiveCfg = Debug|Any CPU
		{B4884907-DD49-470A-8115-B5B36D7A8D0F}.Debug|x64.Build.0 = Debug|Any CPU
		{B4884907-DD49-470A-8115-B5B36D7A8D0F}.Debug|x86.ActiveCfg = Debug|Any CPU
		{B4884907-DD49-470A-8115-B5B36D7A8D0F}.Debug|x86.Build.0 = Debug|Any CPU
		{B4884907-DD49-470A-8115-B5B36D7A8D0F}.Release|Any CPU.ActiveCfg = Release|Any CPU
		{B4884907-DD49-470A-8115-B5B36D7A8D0F}.Release|Any CPU.Build.0 = Release|Any CPU
		{B4884907-DD49-470A-8115-B5B36D7A8D0F}.Release|x64.ActiveCfg = Release|Any CPU
		{B4884907-DD49-470A-8115-B5B36D7A8D0F}.Release|x64.Build.0 = Release|Any CPU
		{B4884907-DD49-470A-8115-B5B36D7A8D0F}.Release|x86.ActiveCfg = Release|Any CPU
		{B4884907-DD49-470A-8115-B5B36D7A8D0F}.Release|x86.Build.0 = Release|Any CPU
		{7A58BA96-C8F5-4F32-93FF-7F990A3BB2CE}.Debug|Any CPU.ActiveCfg = Debug|Any CPU
		{7A58BA96-C8F5-4F32-93FF-7F990A3BB2CE}.Debug|Any CPU.Build.0 = Debug|Any CPU
		{7A58BA96-C8F5-4F32-93FF-7F990A3BB2CE}.Debug|x64.ActiveCfg = Debug|Any CPU
		{7A58BA96-C8F5-4F32-93FF-7F990A3BB2CE}.Debug|x64.Build.0 = Debug|Any CPU
		{7A58BA96-C8F5-4F32-93FF-7F990A3BB2CE}.Debug|x86.ActiveCfg = Debug|Any CPU
		{7A58BA96-C8F5-4F32-93FF-7F990A3BB2CE}.Debug|x86.Build.0 = Debug|Any CPU
		{7A58BA96-C8F5-4F32-93FF-7F990A3BB2CE}.Release|Any CPU.ActiveCfg = Release|Any CPU
		{7A58BA96-C8F5-4F32-93FF-7F990A3BB2CE}.Release|Any CPU.Build.0 = Release|Any CPU
		{7A58BA96-C8F5-4F32-93FF-7F990A3BB2CE}.Release|x64.ActiveCfg = Release|Any CPU
		{7A58BA96-C8F5-4F32-93FF-7F990A3BB2CE}.Release|x64.Build.0 = Release|Any CPU
		{7A58BA96-C8F5-4F32-93FF-7F990A3BB2CE}.Release|x86.ActiveCfg = Release|Any CPU
		{7A58BA96-C8F5-4F32-93FF-7F990A3BB2CE}.Release|x86.Build.0 = Release|Any CPU
		{AFC23C1E-0018-4A68-93CA-247C510D7D05}.Debug|Any CPU.ActiveCfg = Debug|Any CPU
		{AFC23C1E-0018-4A68-93CA-247C510D7D05}.Debug|Any CPU.Build.0 = Debug|Any CPU
		{AFC23C1E-0018-4A68-93CA-247C510D7D05}.Debug|x64.ActiveCfg = Debug|Any CPU
		{AFC23C1E-0018-4A68-93CA-247C510D7D05}.Debug|x64.Build.0 = Debug|Any CPU
		{AFC23C1E-0018-4A68-93CA-247C510D7D05}.Debug|x86.ActiveCfg = Debug|Any CPU
		{AFC23C1E-0018-4A68-93CA-247C510D7D05}.Debug|x86.Build.0 = Debug|Any CPU
		{AFC23C1E-0018-4A68-93CA-247C510D7D05}.Release|Any CPU.ActiveCfg = Release|Any CPU
		{AFC23C1E-0018-4A68-93CA-247C510D7D05}.Release|Any CPU.Build.0 = Release|Any CPU
		{AFC23C1E-0018-4A68-93CA-247C510D7D05}.Release|x64.ActiveCfg = Release|Any CPU
		{AFC23C1E-0018-4A68-93CA-247C510D7D05}.Release|x64.Build.0 = Release|Any CPU
		{AFC23C1E-0018-4A68-93CA-247C510D7D05}.Release|x86.ActiveCfg = Release|Any CPU
		{AFC23C1E-0018-4A68-93CA-247C510D7D05}.Release|x86.Build.0 = Release|Any CPU
		{17C136EA-37C6-4132-8F73-F18BEF429AFB}.Debug|Any CPU.ActiveCfg = Debug|Any CPU
		{17C136EA-37C6-4132-8F73-F18BEF429AFB}.Debug|Any CPU.Build.0 = Debug|Any CPU
		{17C136EA-37C6-4132-8F73-F18BEF429AFB}.Debug|x64.ActiveCfg = Debug|Any CPU
		{17C136EA-37C6-4132-8F73-F18BEF429AFB}.Debug|x64.Build.0 = Debug|Any CPU
		{17C136EA-37C6-4132-8F73-F18BEF429AFB}.Debug|x86.ActiveCfg = Debug|Any CPU
		{17C136EA-37C6-4132-8F73-F18BEF429AFB}.Debug|x86.Build.0 = Debug|Any CPU
		{17C136EA-37C6-4132-8F73-F18BEF429AFB}.Release|Any CPU.ActiveCfg = Release|Any CPU
		{17C136EA-37C6-4132-8F73-F18BEF429AFB}.Release|Any CPU.Build.0 = Release|Any CPU
		{17C136EA-37C6-4132-8F73-F18BEF429AFB}.Release|x64.ActiveCfg = Release|Any CPU
		{17C136EA-37C6-4132-8F73-F18BEF429AFB}.Release|x64.Build.0 = Release|Any CPU
		{17C136EA-37C6-4132-8F73-F18BEF429AFB}.Release|x86.ActiveCfg = Release|Any CPU
		{17C136EA-37C6-4132-8F73-F18BEF429AFB}.Release|x86.Build.0 = Release|Any CPU
	EndGlobalSection
	GlobalSection(SolutionProperties) = preSolution
		HideSolutionNode = FALSE
	EndGlobalSection
	GlobalSection(NestedProjects) = preSolution
		{E89661AC-590F-4946-8849-11C885A79C88} = {93E661B9-45C2-40FC-832B-992D79D69D5F}
		{B4884907-DD49-470A-8115-B5B36D7A8D0F} = {E89661AC-590F-4946-8849-11C885A79C88}
		{B5BC8C5F-81DE-4AFF-BC28-4D0284D66913} = {93E661B9-45C2-40FC-832B-992D79D69D5F}
		{C26574D1-B39B-4701-8908-26D5CB2ACF58} = {B5BC8C5F-81DE-4AFF-BC28-4D0284D66913}
		{7A58BA96-C8F5-4F32-93FF-7F990A3BB2CE} = {C26574D1-B39B-4701-8908-26D5CB2ACF58}
		{3FB37CB5-4B63-464F-9193-D8193E53E2B2} = {B5BC8C5F-81DE-4AFF-BC28-4D0284D66913}
		{AFC23C1E-0018-4A68-93CA-247C510D7D05} = {3FB37CB5-4B63-464F-9193-D8193E53E2B2}
		{3990FE2A-C6E6-4390-8418-A4F80B5B16AF} = {B5BC8C5F-81DE-4AFF-BC28-4D0284D66913}
		{17C136EA-37C6-4132-8F73-F18BEF429AFB} = {3990FE2A-C6E6-4390-8418-A4F80B5B16AF}
	EndGlobalSection
	GlobalSection(ExtensibilityGlobals) = postSolution
		SolutionGuid = {843C8B6A-AB0A-4EEC-92BB-5C1D09A2177B}
	EndGlobalSection
EndGlobal
