
Microsoft Visual Studio Solution File, Format Version 12.00
# Visual Studio Version 16
VisualStudioVersion = 16.0.31321.278
MinimumVisualStudioVersion = 10.0.40219.1
Project("{FAE04EC0-301F-11D3-BF4B-00C04F79EFBC}") = "Employee", "Employee\Employee.csproj", "{34E29818-5520-417C-A579-EA6D58F7B618}"
EndProject
Global
	GlobalSection(SolutionConfigurationPlatforms) = preSolution
		Debug|Any CPU = Debug|Any CPU
		Release|Any CPU = Release|Any CPU
	EndGlobalSection
	GlobalSection(ProjectConfigurationPlatforms) = postSolution
		{34E29818-5520-417C-A579-EA6D58F7B618}.Debug|Any CPU.ActiveCfg = Debug|Any CPU
		{34E29818-5520-417C-A579-EA6D58F7B618}.Debug|Any CPU.Build.0 = Debug|Any CPU
		{34E29818-5520-417C-A579-EA6D58F7B618}.Release|Any CPU.ActiveCfg = Release|Any CPU
		{34E29818-5520-417C-A579-EA6D58F7B618}.Release|Any CPU.Build.0 = Release|Any CPU
	EndGlobalSection
	GlobalSection(SolutionProperties) = preSolution
		HideSolutionNode = FALSE
	EndGlobalSection
	GlobalSection(ExtensibilityGlobals) = postSolution
		SolutionGuid = {AB3219AA-9271-4038-8510-615439792CBC}
	EndGlobalSection
EndGlobal
